
Microsoft Visual Studio Solution File, Format Version 12.00
# Visual Studio Version 16
VisualStudioVersion = 16.0.31025.194
MinimumVisualStudioVersion = 10.0.40219.1
Project("{9A19103F-16F7-4668-BE54-9A1E7A4F7556}") = "helloworld", "helloworld.csproj", "{640AB1A3-18D0-40E3-9918-513D0F720381}"
EndProject
Global
	GlobalSection(SolutionConfigurationPlatforms) = preSolution
		Debug|Any CPU = Debug|Any CPU
		Release|Any CPU = Release|Any CPU
	EndGlobalSection
	GlobalSection(ProjectConfigurationPlatforms) = postSolution
		{640AB1A3-18D0-40E3-9918-513D0F720381}.Debug|Any CPU.ActiveCfg = Debug|Any CPU
		{640AB1A3-18D0-40E3-9918-513D0F720381}.Debug|Any CPU.Build.0 = Debug|Any CPU
		{640AB1A3-18D0-40E3-9918-513D0F720381}.Release|Any CPU.ActiveCfg = Release|Any CPU
		{640AB1A3-18D0-40E3-9918-513D0F720381}.Release|Any CPU.Build.0 = Release|Any CPU
	EndGlobalSection
	GlobalSection(SolutionProperties) = preSolution
		HideSolutionNode = FALSE
	EndGlobalSection
	GlobalSection(ExtensibilityGlobals) = postSolution
		SolutionGuid = {22D8C5D5-BF39-4242-8A9E-E790B63E6D30}
	EndGlobalSection
EndGlobal
